
Microsoft Visual Studio Solution File, Format Version 12.00
# Visual Studio Version 17
VisualStudioVersion = 17.4.33205.214
MinimumVisualStudioVersion = 10.0.40219.1
Project("{2150E333-8FDC-42A3-9474-1A3956D46DE8}") = "Solution Items", "Solution Items", "{1189AD57-0D38-4BCB-920E-41C80AAB7712}"
	ProjectSection(SolutionItems) = preProject
		README.md = README.md
		todo.md = todo.md
		WebAPIFlow.png = WebAPIFlow.png
	EndProjectSection
EndProject
Project("{2150E333-8FDC-42A3-9474-1A3956D46DE8}") = "Tests", "Tests", "{CEBF09B4-52F1-425F-8D02-BD8C536BF0EA}"
EndProject
Project("{9A19103F-16F7-4668-BE54-9A1E7A4F7556}") = "Signapse.Server.Affiliate", "Signapse.Server.Affiliate\Signapse.Server.Affiliate.csproj", "{7BEA672C-007A-468B-89B5-E86097F4373E}"
EndProject
Project("{9A19103F-16F7-4668-BE54-9A1E7A4F7556}") = "Signapse.Common", "Signapse.Common\Signapse.Common.csproj", "{7EE61AFC-3DC7-4C34-B85B-EB6101F4F8B6}"
EndProject
Project("{9A19103F-16F7-4668-BE54-9A1E7A4F7556}") = "Signapse.ServerTests", "Signapse.MembersTests\Signapse.ServerTests.csproj", "{6C3D4FFA-7131-40A4-AF71-703F990378C5}"
EndProject
Project("{9A19103F-16F7-4668-BE54-9A1E7A4F7556}") = "Signapse.Server.Web", "Signapse.Server.Web\Signapse.Server.Web.csproj", "{E75F807D-F065-4D61-9AD4-610988170102}"
EndProject
Project("{9A19103F-16F7-4668-BE54-9A1E7A4F7556}") = "AffiliateSim", "AffiliateSim\AffiliateSim.csproj", "{604AB5DD-12CB-4C4A-AC8E-FDFB3C910A41}"
EndProject
Project("{9A19103F-16F7-4668-BE54-9A1E7A4F7556}") = "Signapse.CommonTests", "Signapse.CommonTests\Signapse.CommonTests.csproj", "{787FCA4E-A602-4B37-B21F-8F30A362AC8D}"
EndProject
Project("{9A19103F-16F7-4668-BE54-9A1E7A4F7556}") = "Signapse.Tests.Common", "Signapse.Tests.Common\Signapse.Tests.Common.csproj", "{2395D850-33D2-496C-B9AD-378E3EE9114C}"
EndProject
Project("{9A19103F-16F7-4668-BE54-9A1E7A4F7556}") = "Signapse.BlockChainTests", "Signapse.BlockChainTests\Signapse.BlockChainTests.csproj", "{C3454A35-D745-4CCD-AA49-A39899E35C7A}"
EndProject
Project("{9A19103F-16F7-4668-BE54-9A1E7A4F7556}") = "Signapse.Server.Common", "Signapse.Server.Common\Signapse.Server.Common.csproj", "{B3FCEAA5-2D28-4228-97A7-972C674D05F9}"
EndProject
Project("{9A19103F-16F7-4668-BE54-9A1E7A4F7556}") = "Signapse.Server.CommonTests", "Signapse.Server.CommonTests\Signapse.Server.CommonTests.csproj", "{FCB25AEE-EAB2-441E-BEDA-5060389C9E9D}"
EndProject
Project("{2150E333-8FDC-42A3-9474-1A3956D46DE8}") = "Proof of Concepts", "Proof of Concepts", "{32F86D22-448F-4779-9C5A-F94D8016045B}"
EndProject
Global
	GlobalSection(SolutionConfigurationPlatforms) = preSolution
		Debug|Any CPU = Debug|Any CPU
		Release|Any CPU = Release|Any CPU
	EndGlobalSection
	GlobalSection(ProjectConfigurationPlatforms) = postSolution
		{7BEA672C-007A-468B-89B5-E86097F4373E}.Debug|Any CPU.ActiveCfg = Debug|Any CPU
		{7BEA672C-007A-468B-89B5-E86097F4373E}.Debug|Any CPU.Build.0 = Debug|Any CPU
		{7BEA672C-007A-468B-89B5-E86097F4373E}.Release|Any CPU.ActiveCfg = Release|Any CPU
		{7BEA672C-007A-468B-89B5-E86097F4373E}.Release|Any CPU.Build.0 = Release|Any CPU
		{7EE61AFC-3DC7-4C34-B85B-EB6101F4F8B6}.Debug|Any CPU.ActiveCfg = Debug|Any CPU
		{7EE61AFC-3DC7-4C34-B85B-EB6101F4F8B6}.Debug|Any CPU.Build.0 = Debug|Any CPU
		{7EE61AFC-3DC7-4C34-B85B-EB6101F4F8B6}.Release|Any CPU.ActiveCfg = Release|Any CPU
		{7EE61AFC-3DC7-4C34-B85B-EB6101F4F8B6}.Release|Any CPU.Build.0 = Release|Any CPU
		{6C3D4FFA-7131-40A4-AF71-703F990378C5}.Debug|Any CPU.ActiveCfg = Debug|Any CPU
		{6C3D4FFA-7131-40A4-AF71-703F990378C5}.Debug|Any CPU.Build.0 = Debug|Any CPU
		{6C3D4FFA-7131-40A4-AF71-703F990378C5}.Release|Any CPU.ActiveCfg = Release|Any CPU
		{6C3D4FFA-7131-40A4-AF71-703F990378C5}.Release|Any CPU.Build.0 = Release|Any CPU
		{E75F807D-F065-4D61-9AD4-610988170102}.Debug|Any CPU.ActiveCfg = Debug|Any CPU
		{E75F807D-F065-4D61-9AD4-610988170102}.Debug|Any CPU.Build.0 = Debug|Any CPU
		{E75F807D-F065-4D61-9AD4-610988170102}.Release|Any CPU.ActiveCfg = Release|Any CPU
		{E75F807D-F065-4D61-9AD4-610988170102}.Release|Any CPU.Build.0 = Release|Any CPU
		{604AB5DD-12CB-4C4A-AC8E-FDFB3C910A41}.Debug|Any CPU.ActiveCfg = Debug|Any CPU
		{604AB5DD-12CB-4C4A-AC8E-FDFB3C910A41}.Debug|Any CPU.Build.0 = Debug|Any CPU
		{604AB5DD-12CB-4C4A-AC8E-FDFB3C910A41}.Release|Any CPU.ActiveCfg = Release|Any CPU
		{604AB5DD-12CB-4C4A-AC8E-FDFB3C910A41}.Release|Any CPU.Build.0 = Release|Any CPU
		{787FCA4E-A602-4B37-B21F-8F30A362AC8D}.Debug|Any CPU.ActiveCfg = Debug|Any CPU
		{787FCA4E-A602-4B37-B21F-8F30A362AC8D}.Debug|Any CPU.Build.0 = Debug|Any CPU
		{787FCA4E-A602-4B37-B21F-8F30A362AC8D}.Release|Any CPU.ActiveCfg = Release|Any CPU
		{787FCA4E-A602-4B37-B21F-8F30A362AC8D}.Release|Any CPU.Build.0 = Release|Any CPU
		{2395D850-33D2-496C-B9AD-378E3EE9114C}.Debug|Any CPU.ActiveCfg = Debug|Any CPU
		{2395D850-33D2-496C-B9AD-378E3EE9114C}.Debug|Any CPU.Build.0 = Debug|Any CPU
		{2395D850-33D2-496C-B9AD-378E3EE9114C}.Release|Any CPU.ActiveCfg = Release|Any CPU
		{2395D850-33D2-496C-B9AD-378E3EE9114C}.Release|Any CPU.Build.0 = Release|Any CPU
		{C3454A35-D745-4CCD-AA49-A39899E35C7A}.Debug|Any CPU.ActiveCfg = Debug|Any CPU
		{C3454A35-D745-4CCD-AA49-A39899E35C7A}.Debug|Any CPU.Build.0 = Debug|Any CPU
		{C3454A35-D745-4CCD-AA49-A39899E35C7A}.Release|Any CPU.ActiveCfg = Release|Any CPU
		{C3454A35-D745-4CCD-AA49-A39899E35C7A}.Release|Any CPU.Build.0 = Release|Any CPU
		{B3FCEAA5-2D28-4228-97A7-972C674D05F9}.Debug|Any CPU.ActiveCfg = Debug|Any CPU
		{B3FCEAA5-2D28-4228-97A7-972C674D05F9}.Debug|Any CPU.Build.0 = Debug|Any CPU
		{B3FCEAA5-2D28-4228-97A7-972C674D05F9}.Release|Any CPU.ActiveCfg = Release|Any CPU
		{B3FCEAA5-2D28-4228-97A7-972C674D05F9}.Release|Any CPU.Build.0 = Release|Any CPU
		{FCB25AEE-EAB2-441E-BEDA-5060389C9E9D}.Debug|Any CPU.ActiveCfg = Debug|Any CPU
		{FCB25AEE-EAB2-441E-BEDA-5060389C9E9D}.Debug|Any CPU.Build.0 = Debug|Any CPU
		{FCB25AEE-EAB2-441E-BEDA-5060389C9E9D}.Release|Any CPU.ActiveCfg = Release|Any CPU
		{FCB25AEE-EAB2-441E-BEDA-5060389C9E9D}.Release|Any CPU.Build.0 = Release|Any CPU
	EndGlobalSection
	GlobalSection(SolutionProperties) = preSolution
		HideSolutionNode = FALSE
	EndGlobalSection
	GlobalSection(NestedProjects) = preSolution
		{6C3D4FFA-7131-40A4-AF71-703F990378C5} = {CEBF09B4-52F1-425F-8D02-BD8C536BF0EA}
		{604AB5DD-12CB-4C4A-AC8E-FDFB3C910A41} = {32F86D22-448F-4779-9C5A-F94D8016045B}
		{787FCA4E-A602-4B37-B21F-8F30A362AC8D} = {CEBF09B4-52F1-425F-8D02-BD8C536BF0EA}
		{2395D850-33D2-496C-B9AD-378E3EE9114C} = {CEBF09B4-52F1-425F-8D02-BD8C536BF0EA}
		{C3454A35-D745-4CCD-AA49-A39899E35C7A} = {CEBF09B4-52F1-425F-8D02-BD8C536BF0EA}
		{FCB25AEE-EAB2-441E-BEDA-5060389C9E9D} = {CEBF09B4-52F1-425F-8D02-BD8C536BF0EA}
	EndGlobalSection
	GlobalSection(ExtensibilityGlobals) = postSolution
		SolutionGuid = {001D9759-F2AF-4CAE-9533-DEDB62877A70}
	EndGlobalSection
EndGlobal
